
Microsoft Visual Studio Solution File, Format Version 12.00
Project("{FAE04EC0-301F-11D3-BF4B-00C04F79EFBC}") = "API", "API\API.csproj", "{BEA29D82-4592-48A9-A3FB-BD2CC9BC3A90}"
EndProject
Project("{FAE04EC0-301F-11D3-BF4B-00C04F79EFBC}") = "Core", "Core\Core.csproj", "{2ECDEE02-9C2F-49A7-A2C7-30EE6E57B6F0}"
EndProject
Project("{FAE04EC0-301F-11D3-BF4B-00C04F79EFBC}") = "Infrastructure", "Infrastructure\Infrastructure.csproj", "{1642E8F4-1CBA-4E07-AF37-64B53EDCC356}"
EndProject
Project("{FAE04EC0-301F-11D3-BF4B-00C04F79EFBC}") = "Persistence", "Persistence\Persistence.csproj", "{0F78FD48-DA2E-4833-A408-8478CBB79950}"
EndProject
Project("{FAE04EC0-301F-11D3-BF4B-00C04F79EFBC}") = "Application", "Application\Application.csproj", "{6FA111B7-29BE-49AF-8961-7364494C67FC}"
EndProject
Project("{FAE04EC0-301F-11D3-BF4B-00C04F79EFBC}") = "Tests", "Tests\Tests.csproj", "{199B16E4-737C-4460-AFC5-FE4BC5A013E6}"
EndProject
Global
	GlobalSection(SolutionConfigurationPlatforms) = preSolution
		Debug|Any CPU = Debug|Any CPU
		Release|Any CPU = Release|Any CPU
	EndGlobalSection
	GlobalSection(ProjectConfigurationPlatforms) = postSolution
		{BEA29D82-4592-48A9-A3FB-BD2CC9BC3A90}.Debug|Any CPU.ActiveCfg = Debug|Any CPU
		{BEA29D82-4592-48A9-A3FB-BD2CC9BC3A90}.Debug|Any CPU.Build.0 = Debug|Any CPU
		{BEA29D82-4592-48A9-A3FB-BD2CC9BC3A90}.Release|Any CPU.ActiveCfg = Release|Any CPU
		{BEA29D82-4592-48A9-A3FB-BD2CC9BC3A90}.Release|Any CPU.Build.0 = Release|Any CPU
		{2ECDEE02-9C2F-49A7-A2C7-30EE6E57B6F0}.Debug|Any CPU.ActiveCfg = Debug|Any CPU
		{2ECDEE02-9C2F-49A7-A2C7-30EE6E57B6F0}.Debug|Any CPU.Build.0 = Debug|Any CPU
		{2ECDEE02-9C2F-49A7-A2C7-30EE6E57B6F0}.Release|Any CPU.ActiveCfg = Release|Any CPU
		{2ECDEE02-9C2F-49A7-A2C7-30EE6E57B6F0}.Release|Any CPU.Build.0 = Release|Any CPU
		{1642E8F4-1CBA-4E07-AF37-64B53EDCC356}.Debug|Any CPU.ActiveCfg = Debug|Any CPU
		{1642E8F4-1CBA-4E07-AF37-64B53EDCC356}.Debug|Any CPU.Build.0 = Debug|Any CPU
		{1642E8F4-1CBA-4E07-AF37-64B53EDCC356}.Release|Any CPU.ActiveCfg = Release|Any CPU
		{1642E8F4-1CBA-4E07-AF37-64B53EDCC356}.Release|Any CPU.Build.0 = Release|Any CPU
		{0F78FD48-DA2E-4833-A408-8478CBB79950}.Debug|Any CPU.ActiveCfg = Debug|Any CPU
		{0F78FD48-DA2E-4833-A408-8478CBB79950}.Debug|Any CPU.Build.0 = Debug|Any CPU
		{0F78FD48-DA2E-4833-A408-8478CBB79950}.Release|Any CPU.ActiveCfg = Release|Any CPU
		{0F78FD48-DA2E-4833-A408-8478CBB79950}.Release|Any CPU.Build.0 = Release|Any CPU
		{6FA111B7-29BE-49AF-8961-7364494C67FC}.Debug|Any CPU.ActiveCfg = Debug|Any CPU
		{6FA111B7-29BE-49AF-8961-7364494C67FC}.Debug|Any CPU.Build.0 = Debug|Any CPU
		{6FA111B7-29BE-49AF-8961-7364494C67FC}.Release|Any CPU.ActiveCfg = Release|Any CPU
		{6FA111B7-29BE-49AF-8961-7364494C67FC}.Release|Any CPU.Build.0 = Release|Any CPU
		{199B16E4-737C-4460-AFC5-FE4BC5A013E6}.Debug|Any CPU.ActiveCfg = Debug|Any CPU
		{199B16E4-737C-4460-AFC5-FE4BC5A013E6}.Debug|Any CPU.Build.0 = Debug|Any CPU
		{199B16E4-737C-4460-AFC5-FE4BC5A013E6}.Release|Any CPU.ActiveCfg = Release|Any CPU
		{199B16E4-737C-4460-AFC5-FE4BC5A013E6}.Release|Any CPU.Build.0 = Release|Any CPU
	EndGlobalSection
EndGlobal
